
Microsoft Visual Studio Solution File, Format Version 12.00
# Visual Studio Version 17
VisualStudioVersion = 17.4.33213.308
MinimumVisualStudioVersion = 10.0.40219.1
Project("{FAE04EC0-301F-11D3-BF4B-00C04F79EFBC}") = "PraticandoConstrutores", "PraticandoConstrutores\PraticandoConstrutores.csproj", "{D71DAC85-BD6F-45E7-B133-8DDD72B6AFCD}"
EndProject
Global
	GlobalSection(SolutionConfigurationPlatforms) = preSolution
		Debug|Any CPU = Debug|Any CPU
		Release|Any CPU = Release|Any CPU
	EndGlobalSection
	GlobalSection(ProjectConfigurationPlatforms) = postSolution
		{D71DAC85-BD6F-45E7-B133-8DDD72B6AFCD}.Debug|Any CPU.ActiveCfg = Debug|Any CPU
		{D71DAC85-BD6F-45E7-B133-8DDD72B6AFCD}.Debug|Any CPU.Build.0 = Debug|Any CPU
		{D71DAC85-BD6F-45E7-B133-8DDD72B6AFCD}.Release|Any CPU.ActiveCfg = Release|Any CPU
		{D71DAC85-BD6F-45E7-B133-8DDD72B6AFCD}.Release|Any CPU.Build.0 = Release|Any CPU
	EndGlobalSection
	GlobalSection(SolutionProperties) = preSolution
		HideSolutionNode = FALSE
	EndGlobalSection
	GlobalSection(ExtensibilityGlobals) = postSolution
		SolutionGuid = {443119A2-5B7E-49B4-93A0-D2F4EF93BCE4}
	EndGlobalSection
EndGlobal
